{
  "version": 1,
  "dependencies": {
    "net8.0-windows7.0": {
      "Markdig": {
        "type": "Direct",
        "requested": "[0.34.0, )",
        "resolved": "0.34.0",
        "contentHash": "kUS8Y/oW2Cshwq3kv08Lz5hpMjt9MuAaDIGxv86d0RtEUUe4xKKXxdZYS7bV0ZXRfeAAOfjYIrt7zybcIOYvmg=="
      },
      "Microsoft.NET.ILLink.Tasks": {
        "type": "Direct",
        "requested": "[8.0.31, )",
        "resolved": "8.0.31",
        "contentHash": "OJdAGATV2QoVWL11zlDLEluA06q8rK+cgZR47ohrO8V+Qj5z9dlvN7bG9/0e5t0IOe+yD8tREC0bpsEgDGrzIQ=="
      },
      "Microsoft.Web.WebView2": {
        "type": "Direct",
        "requested": "[1.0.2592.51, )",
        "resolved": "1.0.2592.51",
        "contentHash": "AC9aWCthS2JvddYA1jl4dFpLBW3GsLRInhp5dkcBzaFXsRehfoUN9olIUsrH41eNaNYd7z9NRvmy81aUA5aD1g=="
      },
      "System.Text.Encoding.CodePages": {
        "type": "Direct",
        "requested": "[8.0.0, )",
        "resolved": "8.0.0",
        "contentHash": "OZIsVplFGaVY90G2SbpgU7EnCoOO5pw1t4ic21dBF3/1omrJFpAGoNAVpPyMVOC90/hvgkGG3VFqR13YgZMQfg=="
      }
    },
    "net8.0-windows7.0/win-x64": {
      "Microsoft.Web.WebView2": {
        "type": "Direct",
        "requested": "[1.0.2592.51, )",
        "resolved": "1.0.2592.51",
        "contentHash": "AC9aWCthS2JvddYA1jl4dFpLBW3GsLRInhp5dkcBzaFXsRehfoUN9olIUsrH41eNaNYd7z9NRvmy81aUA5aD1g=="
      },
      "System.Text.Encoding.CodePages": {
        "type": "Direct",
        "requested": "[8.0.0, )",
        "resolved": "8.0.0",
        "contentHash": "OZIsVplFGaVY90G2SbpgU7EnCoOO5pw1t4ic21dBF3/1omrJFpAGoNAVpPyMVOC90/hvgkGG3VFqR13YgZMQfg=="
      }
    }
  }
}